// !$*UTF8*$!
{
	archiveVersion = 1;
	classes = {
	};
	objectVersion = 46;
	objects = {

/* Begin PBXBuildFile section */
		9AA027E41AE60E6800DED6E8 /* main.swift in Sources */ = {isa = PBXBuildFile; fileRef = 9AA027E31AE60E6800DED6E8 /* main.swift */; };
		9AA027ED1AE60EF200DED6E8 /* json_parser.c in Sources */ = {isa = PBXBuildFile; fileRef = 9AA027EB1AE60EF200DED6E8 /* json_parser.c */; };
		9AA027F21AE61A2100DED6E8 /* JSONParser.m in Sources */ = {isa = PBXBuildFile; fileRef = 9AA027F11AE61A2100DED6E8 /* JSONParser.m */; };
		9AA027F91AE6C55600DED6E8 /* CKJSONSerialization.m in Sources */ = {isa = PBXBuildFile; fileRef = 9AA027F61AE6AF8300DED6E8 /* CKJSONSerialization.m */; };
/* End PBXBuildFile section */

/* Begin PBXCopyFilesBuildPhase section */
		9AA027DE1AE60E6800DED6E8 /* CopyFiles */ = {
			isa = PBXCopyFilesBuildPhase;
			buildActionMask = 2147483647;
			dstPath = /usr/share/man/man1/;
			dstSubfolderSpec = 0;
			files = (
			);
			runOnlyForDeploymentPostprocessing = 1;
		};
/* End PBXCopyFilesBuildPhase section */

/* Begin PBXFileReference section */
		9AA027E01AE60E6800DED6E8 /* JSONParser */ = {isa = PBXFileReference; explicitFileType = "compiled.mach-o.executable"; includeInIndex = 0; path = JSONParser; sourceTree = BUILT_PRODUCTS_DIR; };
		9AA027E31AE60E6800DED6E8 /* main.swift */ = {isa = PBXFileReference; lastKnownFileType = sourcecode.swift; path = main.swift; sourceTree = "<group>"; };
		9AA027EA1AE60EF100DED6E8 /* JSONParser-Bridging-Header.h */ = {isa = PBXFileReference; lastKnownFileType = sourcecode.c.h; path = "JSONParser-Bridging-Header.h"; sourceTree = "<group>"; };
		9AA027EB1AE60EF200DED6E8 /* json_parser.c */ = {isa = PBXFileReference; fileEncoding = 4; lastKnownFileType = sourcecode.c.c; path = json_parser.c; sourceTree = "<group>"; };
		9AA027EC1AE60EF200DED6E8 /* json_parser.h */ = {isa = PBXFileReference; fileEncoding = 4; lastKnownFileType = sourcecode.c.h; path = json_parser.h; sourceTree = "<group>"; };
		9AA027F01AE61A2100DED6E8 /* JSONParser.h */ = {isa = PBXFileReference; fileEncoding = 4; lastKnownFileType = sourcecode.c.h; path = JSONParser.h; sourceTree = "<group>"; };
		9AA027F11AE61A2100DED6E8 /* JSONParser.m */ = {isa = PBXFileReference; fileEncoding = 4; lastKnownFileType = sourcecode.c.objc; path = JSONParser.m; sourceTree = "<group>"; };
		9AA027F31AE6AB2D00DED6E8 /* CKJSONSerialization.swift */ = {isa = PBXFileReference; fileEncoding = 4; lastKnownFileType = sourcecode.swift; path = CKJSONSerialization.swift; sourceTree = "<group>"; };
		9AA027F51AE6AF8300DED6E8 /* CKJSONSerialization.h */ = {isa = PBXFileReference; fileEncoding = 4; lastKnownFileType = sourcecode.c.h; path = CKJSONSerialization.h; sourceTree = "<group>"; };
		9AA027F61AE6AF8300DED6E8 /* CKJSONSerialization.m */ = {isa = PBXFileReference; fileEncoding = 4; lastKnownFileType = sourcecode.c.objc; path = CKJSONSerialization.m; sourceTree = "<group>"; };
/* End PBXFileReference section */

/* Begin PBXFrameworksBuildPhase section */
		9AA027DD1AE60E6800DED6E8 /* Frameworks */ = {
			isa = PBXFrameworksBuildPhase;
			buildActionMask = 2147483647;
			files = (
			);
			runOnlyForDeploymentPostprocessing = 0;
		};
/* End PBXFrameworksBuildPhase section */

/* Begin PBXGroup section */
		9AA027D71AE60E6800DED6E8 = {
			isa = PBXGroup;
			children = (
				9AA027E21AE60E6800DED6E8 /* JSONParser */,
				9AA027E11AE60E6800DED6E8 /* Products */,
			);
			sourceTree = "<group>";
		};
		9AA027E11AE60E6800DED6E8 /* Products */ = {
			isa = PBXGroup;
			children = (
				9AA027E01AE60E6800DED6E8 /* JSONParser */,
			);
			name = Products;
			sourceTree = "<group>";
		};
		9AA027E21AE60E6800DED6E8 /* JSONParser */ = {
			isa = PBXGroup;
			children = (
				9AA027E31AE60E6800DED6E8 /* main.swift */,
				9AA027F31AE6AB2D00DED6E8 /* CKJSONSerialization.swift */,
				9AA027F51AE6AF8300DED6E8 /* CKJSONSerialization.h */,
				9AA027F61AE6AF8300DED6E8 /* CKJSONSerialization.m */,
				9AA027F01AE61A2100DED6E8 /* JSONParser.h */,
				9AA027F11AE61A2100DED6E8 /* JSONParser.m */,
				9AA027EC1AE60EF200DED6E8 /* json_parser.h */,
				9AA027EB1AE60EF200DED6E8 /* json_parser.c */,
				9AA027EA1AE60EF100DED6E8 /* JSONParser-Bridging-Header.h */,
			);
			path = JSONParser;
			sourceTree = "<group>";
		};
/* End PBXGroup section */

/* Begin PBXNativeTarget section */
		9AA027DF1AE60E6800DED6E8 /* JSONParser */ = {
			isa = PBXNativeTarget;
			buildConfigurationList = 9AA027E71AE60E6800DED6E8 /* Build configuration list for PBXNativeTarget "JSONParser" */;
			buildPhases = (
				9AA027DC1AE60E6800DED6E8 /* Sources */,
				9AA027DD1AE60E6800DED6E8 /* Frameworks */,
				9AA027DE1AE60E6800DED6E8 /* CopyFiles */,
			);
			buildRules = (
			);
			dependencies = (
			);
			name = JSONParser;
			productName = JSONParser;
			productReference = 9AA027E01AE60E6800DED6E8 /* JSONParser */;
			productType = "com.apple.product-type.tool";
		};
/* End PBXNativeTarget section */

/* Begin PBXProject section */
		9AA027D81AE60E6800DED6E8 /* Project object */ = {
			isa = PBXProject;
			attributes = {
				LastSwiftMigration = 0700;
				LastSwiftUpdateCheck = 0700;
				LastUpgradeCheck = 0630;
				ORGANIZATIONNAME = "Cory Kilger";
				TargetAttributes = {
					9AA027DF1AE60E6800DED6E8 = {
						CreatedOnToolsVersion = 6.3;
					};
				};
			};
			buildConfigurationList = 9AA027DB1AE60E6800DED6E8 /* Build configuration list for PBXProject "JSONParser" */;
			compatibilityVersion = "Xcode 3.2";
			developmentRegion = English;
			hasScannedForEncodings = 0;
			knownRegions = (
				en,
			);
			mainGroup = 9AA027D71AE60E6800DED6E8;
			productRefGroup = 9AA027E11AE60E6800DED6E8 /* Products */;
			projectDirPath = "";
			projectRoot = "";
			targets = (
				9AA027DF1AE60E6800DED6E8 /* JSONParser */,
			);
		};
/* End PBXProject section */

/* Begin PBXSourcesBuildPhase section */
		9AA027DC1AE60E6800DED6E8 /* Sources */ = {
			isa = PBXSourcesBuildPhase;
			buildActionMask = 2147483647;
			files = (
				9AA027ED1AE60EF200DED6E8 /* json_parser.c in Sources */,
				9AA027E41AE60E6800DED6E8 /* main.swift in Sources */,
				9AA027F91AE6C55600DED6E8 /* CKJSONSerialization.m in Sources */,
				9AA027F21AE61A2100DED6E8 /* JSONParser.m in Sources */,
			);
			runOnlyForDeploymentPostprocessing = 0;
		};
/* End PBXSourcesBuildPhase section */

/* Begin XCBuildConfiguration section */
		9AA027E51AE60E6800DED6E8 /* Debug */ = {
			isa = XCBuildConfiguration;
			buildSettings = {
				ALWAYS_SEARCH_USER_PATHS = NO;
				CLANG_CXX_LANGUAGE_STANDARD = "gnu++0x";
				CLANG_CXX_LIBRARY = "libc++";
				CLANG_ENABLE_MODULES = YES;
				CLANG_ENABLE_OBJC_ARC = YES;
				CLANG_WARN_BOOL_CONVERSION = YES;
				CLANG_WARN_CONSTANT_CONVERSION = YES;
				CLANG_WARN_DIRECT_OBJC_ISA_USAGE = YES_ERROR;
				CLANG_WARN_EMPTY_BODY = YES;
				CLANG_WARN_ENUM_CONVERSION = YES;
				CLANG_WARN_INT_CONVERSION = YES;
				CLANG_WARN_OBJC_ROOT_CLASS = YES_ERROR;
				CLANG_WARN_UNREACHABLE_CODE = YES;
				CLANG_WARN__DUPLICATE_METHOD_MATCH = YES;
				COPY_PHASE_STRIP = NO;
				DEBUG_INFORMATION_FORMAT = dwarf;
				ENABLE_STRICT_OBJC_MSGSEND = YES;
				GCC_C_LANGUAGE_STANDARD = gnu99;
				GCC_DYNAMIC_NO_PIC = NO;
				GCC_NO_COMMON_BLOCKS = YES;
				GCC_OPTIMIZATION_LEVEL = 0;
				GCC_PREPROCESSOR_DEFINITIONS = (
					"DEBUG=1",
					"$(inherited)",
				);
				GCC_SYMBOLS_PRIVATE_EXTERN = NO;
				GCC_WARN_64_TO_32_BIT_CONVERSION = YES;
				GCC_WARN_ABOUT_RETURN_TYPE = YES_ERROR;
				GCC_WARN_UNDECLARED_SELECTOR = YES;
				GCC_WARN_UNINITIALIZED_AUTOS = YES_AGGRESSIVE;
				GCC_WARN_UNUSED_FUNCTION = YES;
				GCC_WARN_UNUSED_VARIABLE = YES;
				MACOSX_DEPLOYMENT_TARGET = 10.10;
				MTL_ENABLE_DEBUG_INFO = YES;
				ONLY_ACTIVE_ARCH = YES;
				SDKROOT = macosx;
				SWIFT_OPTIMIZATION_LEVEL = "-Onone";
			};
			name = Debug;
		};
		9AA027E61AE60E6800DED6E8 /* Release */ = {
			isa = XCBuildConfiguration;
			buildSettings = {
				ALWAYS_SEARCH_USER_PATHS = NO;
				CLANG_CXX_LANGUAGE_STANDARD = "gnu++0x";
				CLANG_CXX_LIBRARY = "libc++";
				CLANG_ENABLE_MODULES = YES;
				CLANG_ENABLE_OBJC_ARC = YES;
				CLANG_WARN_BOOL_CONVERSION = YES;
				CLANG_WARN_CONSTANT_CONVERSION = YES;
				CLANG_WARN_DIRECT_OBJC_ISA_USAGE = YES_ERROR;
				CLANG_WARN_EMPTY_BODY = YES;
				CLANG_WARN_ENUM_CONVERSION = YES;
				CLANG_WARN_INT_CONVERSION = YES;
				CLANG_WARN_OBJC_ROOT_CLASS = YES_ERROR;
				CLANG_WARN_UNREACHABLE_CODE = YES;
				CLANG_WARN__DUPLICATE_METHOD_MATCH = YES;
				COPY_PHASE_STRIP = NO;
				DEBUG_INFORMATION_FORMAT = "dwarf-with-dsym";
				ENABLE_NS_ASSERTIONS = NO;
				ENABLE_STRICT_OBJC_MSGSEND = YES;
				GCC_C_LANGUAGE_STANDARD = gnu99;
				GCC_NO_COMMON_BLOCKS = YES;
				GCC_WARN_64_TO_32_BIT_CONVERSION = YES;
				GCC_WARN_ABOUT_RETURN_TYPE = YES_ERROR;
				GCC_WARN_UNDECLARED_SELECTOR = YES;
				GCC_WARN_UNINITIALIZED_AUTOS = YES_AGGRESSIVE;
				GCC_WARN_UNUSED_FUNCTION = YES;
				GCC_WARN_UNUSED_VARIABLE = YES;
				MACOSX_DEPLOYMENT_TARGET = 10.10;
				MTL_ENABLE_DEBUG_INFO = NO;
				SDKROOT = macosx;
			};
			name = Release;
		};
		9AA027E81AE60E6800DED6E8 /* Debug */ = {
			isa = XCBuildConfiguration;
			buildSettings = {
				CLANG_ENABLE_MODULES = YES;
				LD_RUNPATH_SEARCH_PATHS = "$(inherited) @executable_path/../Frameworks @loader_path/../Frameworks";
				PRODUCT_NAME = "$(TARGET_NAME)";
				SWIFT_OBJC_BRIDGING_HEADER = "JSONParser/JSONParser-Bridging-Header.h";
				SWIFT_OPTIMIZATION_LEVEL = "-Onone";
			};
			name = Debug;
		};
		9AA027E91AE60E6800DED6E8 /* Release */ = {
			isa = XCBuildConfiguration;
			buildSettings = {
				CLANG_ENABLE_MODULES = YES;
				LD_RUNPATH_SEARCH_PATHS = "$(inherited) @executable_path/../Frameworks @loader_path/../Frameworks";
				PRODUCT_NAME = "$(TARGET_NAME)";
				SWIFT_OBJC_BRIDGING_HEADER = "JSONParser/JSONParser-Bridging-Header.h";
			};
			name = Release;
		};
/* End XCBuildConfiguration section */

/* Begin XCConfigurationList section */
		9AA027DB1AE60E6800DED6E8 /* Build configuration list for PBXProject "JSONParser" */ = {
			isa = XCConfigurationList;
			buildConfigurations = (
				9AA027E51AE60E6800DED6E8 /* Debug */,
				9AA027E61AE60E6800DED6E8 /* Release */,
			);
			defaultConfigurationIsVisible = 0;
			defaultConfigurationName = Release;
		};
		9AA027E71AE60E6800DED6E8 /* Build configuration list for PBXNativeTarget "JSONParser" */ = {
			isa = XCConfigurationList;
			buildConfigurations = (
				9AA027E81AE60E6800DED6E8 /* Debug */,
				9AA027E91AE60E6800DED6E8 /* Release */,
			);
			defaultConfigurationIsVisible = 0;
			defaultConfigurationName = Release;
		};
/* End XCConfigurationList section */
	};
	rootObject = 9AA027D81AE60E6800DED6E8 /* Project object */;
}
